{
  "version": 2,
  "dependencies": {
    "net9.0": {
      "Microsoft.Extensions.Logging.Abstractions": {
        "type": "Direct",
        "requested": "[9.0.12, )",
        "resolved": "9.0.12",
        "contentHash": "7j7OzWhHJX3HQP1tbS6HNQ2LX/hcQO1nrrvawvFmkpEBFIMOmefCEJZy1Yj44FSPBtuUcucgzLE8hP+OgoNhVQ==",
        "dependencies": {
          "Microsoft.Extensions.DependencyInjection.Abstractions": "9.0.12"
        }
      },
      "Microsoft.Extensions.DependencyInjection.Abstractions": {
        "type": "Transitive",
        "resolved": "9.0.12",
        "contentHash": "giBjLNJewLe2baQBmLp+8/HSm05WBA//Pd8G5of5G1qrT8a+KLg6mYE6k7w9GFLjYG8ckKyTC9u2yoA0b0J8kg=="
      },
      "saansoft.cqrs": {
        "type": "Project"
      }
    }
  }
}